
Microsoft Visual Studio Solution File, Format Version 12.00
# Visual Studio Version 17
VisualStudioVersion = 17.8.34330.188
MinimumVisualStudioVersion = 10.0.40219.1
Project("{2150E333-8FDC-42A3-9474-1A3956D46DE8}") = "PresentationLayer", "PresentationLayer", "{9F7B904D-EC60-4859-A27C-29C630BEEC9B}"
EndProject
Project("{2150E333-8FDC-42A3-9474-1A3956D46DE8}") = "CoreLayer", "CoreLayer", "{54DA93B0-8905-40D9-B6B2-BD2828092D47}"
EndProject
Project("{9A19103F-16F7-4668-BE54-9A1E7A4F7556}") = "CoreLayer", "CoreLayer\CoreLayer.csproj", "{0E861DBA-0A1F-480E-8EDD-4822FD3EEB8A}"
EndProject
Project("{2150E333-8FDC-42A3-9474-1A3956D46DE8}") = "DataAccessLayer", "DataAccessLayer", "{EB61E8B0-BF86-41E8-9F0B-550F077757D5}"
EndProject
Project("{2150E333-8FDC-42A3-9474-1A3956D46DE8}") = "RepositoriesLayer", "RepositoriesLayer", "{9CCD362E-1F54-4BB6-A429-18000D312ACF}"
EndProject
Project("{2150E333-8FDC-42A3-9474-1A3956D46DE8}") = "ServicesLayer", "ServicesLayer", "{87547E89-3AF5-4A70-B644-8EB4E0A15249}"
EndProject
Project("{9A19103F-16F7-4668-BE54-9A1E7A4F7556}") = "BRTS.Web", "PresentaionLayer\BRTS.Web\BRTS.Web.csproj", "{4FBD015E-0831-4619-AE32-7D2C7A1D3B18}"
EndProject
Project("{9A19103F-16F7-4668-BE54-9A1E7A4F7556}") = "DataAccess", "DataAccess\DataAccess.csproj", "{63603524-973A-4356-A92B-BAE874C4F3C2}"
EndProject
Project("{2150E333-8FDC-42A3-9474-1A3956D46DE8}") = "DataAccessLayer", "DataAccessLayer", "{8418EF6A-9B61-4DB4-84E3-26ED4D17489F}"
EndProject
Project("{2150E333-8FDC-42A3-9474-1A3956D46DE8}") = "Entities", "Entities", "{E3FB728F-526D-4B3D-9E1C-96CE29217EAA}"
EndProject
Project("{2150E333-8FDC-42A3-9474-1A3956D46DE8}") = "ViewModels", "ViewModels", "{83ED5C0B-D27E-4EA6-88D7-D0FF0211E0BF}"
EndProject
Project("{9A19103F-16F7-4668-BE54-9A1E7A4F7556}") = "Entities", "Entities\Entities.csproj", "{76DF77AD-3BE9-48D6-AA5B-4136050C0522}"
EndProject
Project("{9A19103F-16F7-4668-BE54-9A1E7A4F7556}") = "ViewModels", "ViewModels\ViewModels.csproj", "{AEA85208-755A-4027-949D-E8DD3F8E661C}"
EndProject
Project("{9A19103F-16F7-4668-BE54-9A1E7A4F7556}") = "BRTS.API", "BRTS.API\BRTS.API.csproj", "{F29A0619-0CC4-4A56-AF4E-3004AE5EDA07}"
EndProject
Project("{9A19103F-16F7-4668-BE54-9A1E7A4F7556}") = "BRTS_Providers", "BRTS_Provider\BRTS_Providers.csproj", "{DA51162A-56A4-434C-9F91-55AE8AF57C7B}"
EndProject
Project("{FAE04EC0-301F-11D3-BF4B-00C04F79EFBC}") = "Interfaces", "Interfaces\Interfaces.csproj", "{FDA25302-1A22-4782-95A0-D5675C28D89D}"
EndProject
Global
	GlobalSection(SolutionConfigurationPlatforms) = preSolution
		Debug|Any CPU = Debug|Any CPU
		Release|Any CPU = Release|Any CPU
	EndGlobalSection
	GlobalSection(ProjectConfigurationPlatforms) = postSolution
		{0E861DBA-0A1F-480E-8EDD-4822FD3EEB8A}.Debug|Any CPU.ActiveCfg = Debug|Any CPU
		{0E861DBA-0A1F-480E-8EDD-4822FD3EEB8A}.Debug|Any CPU.Build.0 = Debug|Any CPU
		{0E861DBA-0A1F-480E-8EDD-4822FD3EEB8A}.Release|Any CPU.ActiveCfg = Release|Any CPU
		{0E861DBA-0A1F-480E-8EDD-4822FD3EEB8A}.Release|Any CPU.Build.0 = Release|Any CPU
		{4FBD015E-0831-4619-AE32-7D2C7A1D3B18}.Debug|Any CPU.ActiveCfg = Debug|Any CPU
		{4FBD015E-0831-4619-AE32-7D2C7A1D3B18}.Debug|Any CPU.Build.0 = Debug|Any CPU
		{4FBD015E-0831-4619-AE32-7D2C7A1D3B18}.Release|Any CPU.ActiveCfg = Release|Any CPU
		{4FBD015E-0831-4619-AE32-7D2C7A1D3B18}.Release|Any CPU.Build.0 = Release|Any CPU
		{63603524-973A-4356-A92B-BAE874C4F3C2}.Debug|Any CPU.ActiveCfg = Debug|Any CPU
		{63603524-973A-4356-A92B-BAE874C4F3C2}.Debug|Any CPU.Build.0 = Debug|Any CPU
		{63603524-973A-4356-A92B-BAE874C4F3C2}.Release|Any CPU.ActiveCfg = Release|Any CPU
		{63603524-973A-4356-A92B-BAE874C4F3C2}.Release|Any CPU.Build.0 = Release|Any CPU
		{76DF77AD-3BE9-48D6-AA5B-4136050C0522}.Debug|Any CPU.ActiveCfg = Debug|Any CPU
		{76DF77AD-3BE9-48D6-AA5B-4136050C0522}.Debug|Any CPU.Build.0 = Debug|Any CPU
		{76DF77AD-3BE9-48D6-AA5B-4136050C0522}.Release|Any CPU.ActiveCfg = Release|Any CPU
		{76DF77AD-3BE9-48D6-AA5B-4136050C0522}.Release|Any CPU.Build.0 = Release|Any CPU
		{AEA85208-755A-4027-949D-E8DD3F8E661C}.Debug|Any CPU.ActiveCfg = Debug|Any CPU
		{AEA85208-755A-4027-949D-E8DD3F8E661C}.Debug|Any CPU.Build.0 = Debug|Any CPU
		{AEA85208-755A-4027-949D-E8DD3F8E661C}.Release|Any CPU.ActiveCfg = Release|Any CPU
		{AEA85208-755A-4027-949D-E8DD3F8E661C}.Release|Any CPU.Build.0 = Release|Any CPU
		{F29A0619-0CC4-4A56-AF4E-3004AE5EDA07}.Debug|Any CPU.ActiveCfg = Debug|Any CPU
		{F29A0619-0CC4-4A56-AF4E-3004AE5EDA07}.Debug|Any CPU.Build.0 = Debug|Any CPU
		{F29A0619-0CC4-4A56-AF4E-3004AE5EDA07}.Release|Any CPU.ActiveCfg = Release|Any CPU
		{F29A0619-0CC4-4A56-AF4E-3004AE5EDA07}.Release|Any CPU.Build.0 = Release|Any CPU
		{DA51162A-56A4-434C-9F91-55AE8AF57C7B}.Debug|Any CPU.ActiveCfg = Debug|Any CPU
		{DA51162A-56A4-434C-9F91-55AE8AF57C7B}.Debug|Any CPU.Build.0 = Debug|Any CPU
		{DA51162A-56A4-434C-9F91-55AE8AF57C7B}.Release|Any CPU.ActiveCfg = Release|Any CPU
		{DA51162A-56A4-434C-9F91-55AE8AF57C7B}.Release|Any CPU.Build.0 = Release|Any CPU
		{FDA25302-1A22-4782-95A0-D5675C28D89D}.Debug|Any CPU.ActiveCfg = Debug|Any CPU
		{FDA25302-1A22-4782-95A0-D5675C28D89D}.Debug|Any CPU.Build.0 = Debug|Any CPU
		{FDA25302-1A22-4782-95A0-D5675C28D89D}.Release|Any CPU.ActiveCfg = Release|Any CPU
		{FDA25302-1A22-4782-95A0-D5675C28D89D}.Release|Any CPU.Build.0 = Release|Any CPU
	EndGlobalSection
	GlobalSection(SolutionProperties) = preSolution
		HideSolutionNode = FALSE
	EndGlobalSection
	GlobalSection(NestedProjects) = preSolution
		{0E861DBA-0A1F-480E-8EDD-4822FD3EEB8A} = {54DA93B0-8905-40D9-B6B2-BD2828092D47}
		{4FBD015E-0831-4619-AE32-7D2C7A1D3B18} = {9F7B904D-EC60-4859-A27C-29C630BEEC9B}
		{63603524-973A-4356-A92B-BAE874C4F3C2} = {8418EF6A-9B61-4DB4-84E3-26ED4D17489F}
		{8418EF6A-9B61-4DB4-84E3-26ED4D17489F} = {EB61E8B0-BF86-41E8-9F0B-550F077757D5}
		{E3FB728F-526D-4B3D-9E1C-96CE29217EAA} = {EB61E8B0-BF86-41E8-9F0B-550F077757D5}
		{83ED5C0B-D27E-4EA6-88D7-D0FF0211E0BF} = {EB61E8B0-BF86-41E8-9F0B-550F077757D5}
		{76DF77AD-3BE9-48D6-AA5B-4136050C0522} = {E3FB728F-526D-4B3D-9E1C-96CE29217EAA}
		{AEA85208-755A-4027-949D-E8DD3F8E661C} = {83ED5C0B-D27E-4EA6-88D7-D0FF0211E0BF}
		{F29A0619-0CC4-4A56-AF4E-3004AE5EDA07} = {9F7B904D-EC60-4859-A27C-29C630BEEC9B}
		{DA51162A-56A4-434C-9F91-55AE8AF57C7B} = {9CCD362E-1F54-4BB6-A429-18000D312ACF}
		{FDA25302-1A22-4782-95A0-D5675C28D89D} = {87547E89-3AF5-4A70-B644-8EB4E0A15249}
	EndGlobalSection
	GlobalSection(ExtensibilityGlobals) = postSolution
		SolutionGuid = {9B36CF94-2CF5-4F72-B041-493D7027F98A}
	EndGlobalSection
EndGlobal
